// !$*UTF8*$!
{
	archiveVersion = 1;
	classes = {
	};
	objectVersion = 46;
	objects = {

/* Begin PBXBuildFile section */
		761306291A51D4790084C30B /* main.cpp in Sources */ = {isa = PBXBuildFile; fileRef = 761306281A51D4790084C30B /* main.cpp */; };
		761306311A51D4B20084C30B /* ISDevice.cpp in Sources */ = {isa = PBXBuildFile; fileRef = 7613062F1A51D4B20084C30B /* ISDevice.cpp */; };
/* End PBXBuildFile section */

/* Begin PBXCopyFilesBuildPhase section */
		761306231A51D4790084C30B /* CopyFiles */ = {
			isa = PBXCopyFilesBuildPhase;
			buildActionMask = 2147483647;
			dstPath = /usr/share/man/man1/;
			dstSubfolderSpec = 0;
			files = (
			);
			runOnlyForDeploymentPostprocessing = 1;
		};
/* End PBXCopyFilesBuildPhase section */

/* Begin PBXFileReference section */
		761306251A51D4790084C30B /* ios-screenshot */ = {isa = PBXFileReference; explicitFileType = "compiled.mach-o.executable"; includeInIndex = 0; path = "ios-screenshot"; sourceTree = BUILT_PRODUCTS_DIR; };
		761306281A51D4790084C30B /* main.cpp */ = {isa = PBXFileReference; lastKnownFileType = sourcecode.cpp.cpp; path = main.cpp; sourceTree = "<group>"; };
		7613062F1A51D4B20084C30B /* ISDevice.cpp */ = {isa = PBXFileReference; fileEncoding = 4; lastKnownFileType = sourcecode.cpp.cpp; path = ISDevice.cpp; sourceTree = "<group>"; };
		761306301A51D4B20084C30B /* ISDevice.h */ = {isa = PBXFileReference; fileEncoding = 4; lastKnownFileType = sourcecode.c.h; path = ISDevice.h; sourceTree = "<group>"; };
/* End PBXFileReference section */

/* Begin PBXFrameworksBuildPhase section */
		761306221A51D4790084C30B /* Frameworks */ = {
			isa = PBXFrameworksBuildPhase;
			buildActionMask = 2147483647;
			files = (
			);
			runOnlyForDeploymentPostprocessing = 0;
		};
/* End PBXFrameworksBuildPhase section */

/* Begin PBXGroup section */
		7613061C1A51D4790084C30B = {
			isa = PBXGroup;
			children = (
				761306271A51D4790084C30B /* iOS Screenshot */,
				761306261A51D4790084C30B /* Products */,
			);
			sourceTree = "<group>";
		};
		761306261A51D4790084C30B /* Products */ = {
			isa = PBXGroup;
			children = (
				761306251A51D4790084C30B /* ios-screenshot */,
			);
			name = Products;
			sourceTree = "<group>";
		};
		761306271A51D4790084C30B /* iOS Screenshot */ = {
			isa = PBXGroup;
			children = (
				761306281A51D4790084C30B /* main.cpp */,
				761306301A51D4B20084C30B /* ISDevice.h */,
				7613062F1A51D4B20084C30B /* ISDevice.cpp */,
			);
			path = "iOS Screenshot";
			sourceTree = "<group>";
		};
/* End PBXGroup section */

/* Begin PBXNativeTarget section */
		761306241A51D4790084C30B /* iOS Screenshot */ = {
			isa = PBXNativeTarget;
			buildConfigurationList = 7613062C1A51D4790084C30B /* Build configuration list for PBXNativeTarget "iOS Screenshot" */;
			buildPhases = (
				761306211A51D4790084C30B /* Sources */,
				761306221A51D4790084C30B /* Frameworks */,
				761306231A51D4790084C30B /* CopyFiles */,
			);
			buildRules = (
			);
			dependencies = (
			);
			name = "iOS Screenshot";
			productName = "iOS Screenshot";
			productReference = 761306251A51D4790084C30B /* ios-screenshot */;
			productType = "com.apple.product-type.tool";
		};
/* End PBXNativeTarget section */

/* Begin PBXProject section */
		7613061D1A51D4790084C30B /* Project object */ = {
			isa = PBXProject;
			attributes = {
				LastUpgradeCheck = 0610;
				ORGANIZATIONNAME = "Inline-Studios";
				TargetAttributes = {
					761306241A51D4790084C30B = {
						CreatedOnToolsVersion = 6.1.1;
					};
				};
			};
			buildConfigurationList = 761306201A51D4790084C30B /* Build configuration list for PBXProject "iOS Screenshot" */;
			compatibilityVersion = "Xcode 3.2";
			developmentRegion = English;
			hasScannedForEncodings = 0;
			knownRegions = (
				en,
			);
			mainGroup = 7613061C1A51D4790084C30B;
			productRefGroup = 761306261A51D4790084C30B /* Products */;
			projectDirPath = "";
			projectRoot = "";
			targets = (
				761306241A51D4790084C30B /* iOS Screenshot */,
			);
		};
/* End PBXProject section */

/* Begin PBXSourcesBuildPhase section */
		761306211A51D4790084C30B /* Sources */ = {
			isa = PBXSourcesBuildPhase;
			buildActionMask = 2147483647;
			files = (
				761306291A51D4790084C30B /* main.cpp in Sources */,
				761306311A51D4B20084C30B /* ISDevice.cpp in Sources */,
			);
			runOnlyForDeploymentPostprocessing = 0;
		};
/* End PBXSourcesBuildPhase section */

/* Begin XCBuildConfiguration section */
		7613062A1A51D4790084C30B /* Debug */ = {
			isa = XCBuildConfiguration;
			buildSettings = {
				ALWAYS_SEARCH_USER_PATHS = NO;
				CLANG_CXX_LANGUAGE_STANDARD = "gnu++0x";
				CLANG_CXX_LIBRARY = "libc++";
				CLANG_ENABLE_MODULES = YES;
				CLANG_ENABLE_OBJC_ARC = YES;
				CLANG_WARN_BOOL_CONVERSION = YES;
				CLANG_WARN_CONSTANT_CONVERSION = YES;
				CLANG_WARN_DIRECT_OBJC_ISA_USAGE = YES_ERROR;
				CLANG_WARN_EMPTY_BODY = YES;
				CLANG_WARN_ENUM_CONVERSION = YES;
				CLANG_WARN_INT_CONVERSION = YES;
				CLANG_WARN_OBJC_ROOT_CLASS = YES_ERROR;
				CLANG_WARN_UNREACHABLE_CODE = YES;
				CLANG_WARN__DUPLICATE_METHOD_MATCH = YES;
				COPY_PHASE_STRIP = NO;
				ENABLE_STRICT_OBJC_MSGSEND = YES;
				GCC_C_LANGUAGE_STANDARD = gnu99;
				GCC_DYNAMIC_NO_PIC = NO;
				GCC_OPTIMIZATION_LEVEL = 0;
				GCC_PREPROCESSOR_DEFINITIONS = (
					"DEBUG=1",
					"$(inherited)",
				);
				GCC_SYMBOLS_PRIVATE_EXTERN = NO;
				GCC_WARN_64_TO_32_BIT_CONVERSION = YES;
				GCC_WARN_ABOUT_RETURN_TYPE = YES_ERROR;
				GCC_WARN_UNDECLARED_SELECTOR = YES;
				GCC_WARN_UNINITIALIZED_AUTOS = YES_AGGRESSIVE;
				GCC_WARN_UNUSED_FUNCTION = YES;
				GCC_WARN_UNUSED_VARIABLE = YES;
				MACOSX_DEPLOYMENT_TARGET = 10.10;
				MTL_ENABLE_DEBUG_INFO = YES;
				ONLY_ACTIVE_ARCH = YES;
				SDKROOT = macosx;
			};
			name = Debug;
		};
		7613062B1A51D4790084C30B /* Release */ = {
			isa = XCBuildConfiguration;
			buildSettings = {
				ALWAYS_SEARCH_USER_PATHS = NO;
				CLANG_CXX_LANGUAGE_STANDARD = "gnu++0x";
				CLANG_CXX_LIBRARY = "libc++";
				CLANG_ENABLE_MODULES = YES;
				CLANG_ENABLE_OBJC_ARC = YES;
				CLANG_WARN_BOOL_CONVERSION = YES;
				CLANG_WARN_CONSTANT_CONVERSION = YES;
				CLANG_WARN_DIRECT_OBJC_ISA_USAGE = YES_ERROR;
				CLANG_WARN_EMPTY_BODY = YES;
				CLANG_WARN_ENUM_CONVERSION = YES;
				CLANG_WARN_INT_CONVERSION = YES;
				CLANG_WARN_OBJC_ROOT_CLASS = YES_ERROR;
				CLANG_WARN_UNREACHABLE_CODE = YES;
				CLANG_WARN__DUPLICATE_METHOD_MATCH = YES;
				COPY_PHASE_STRIP = YES;
				DEBUG_INFORMATION_FORMAT = "dwarf-with-dsym";
				ENABLE_NS_ASSERTIONS = NO;
				ENABLE_STRICT_OBJC_MSGSEND = YES;
				GCC_C_LANGUAGE_STANDARD = gnu99;
				GCC_WARN_64_TO_32_BIT_CONVERSION = YES;
				GCC_WARN_ABOUT_RETURN_TYPE = YES_ERROR;
				GCC_WARN_UNDECLARED_SELECTOR = YES;
				GCC_WARN_UNINITIALIZED_AUTOS = YES_AGGRESSIVE;
				GCC_WARN_UNUSED_FUNCTION = YES;
				GCC_WARN_UNUSED_VARIABLE = YES;
				MACOSX_DEPLOYMENT_TARGET = 10.10;
				MTL_ENABLE_DEBUG_INFO = NO;
				SDKROOT = macosx;
			};
			name = Release;
		};
		7613062D1A51D4790084C30B /* Debug */ = {
			isa = XCBuildConfiguration;
			buildSettings = {
				HEADER_SEARCH_PATHS = (
					/usr/local/include/,
					"/usr/local/include/ImageMagick-6",
					"$(inherited)",
				);
				LIBRARY_SEARCH_PATHS = /usr/local/lib;
				OTHER_LDFLAGS = (
					"-limobiledevice",
					"-lMagick++-6.Q16",
				);
				PRODUCT_NAME = "ios-screenshot";
			};
			name = Debug;
		};
		7613062E1A51D4790084C30B /* Release */ = {
			isa = XCBuildConfiguration;
			buildSettings = {
				HEADER_SEARCH_PATHS = (
					/usr/local/include/,
					"/usr/local/include/ImageMagick-6",
					"$(inherited)",
				);
				LIBRARY_SEARCH_PATHS = /usr/local/lib;
				OTHER_LDFLAGS = (
					"-limobiledevice",
					"-lMagick++-6.Q16",
				);
				PRODUCT_NAME = "ios-screenshot";
			};
			name = Release;
		};
/* End XCBuildConfiguration section */

/* Begin XCConfigurationList section */
		761306201A51D4790084C30B /* Build configuration list for PBXProject "iOS Screenshot" */ = {
			isa = XCConfigurationList;
			buildConfigurations = (
				7613062A1A51D4790084C30B /* Debug */,
				7613062B1A51D4790084C30B /* Release */,
			);
			defaultConfigurationIsVisible = 0;
			defaultConfigurationName = Release;
		};
		7613062C1A51D4790084C30B /* Build configuration list for PBXNativeTarget "iOS Screenshot" */ = {
			isa = XCConfigurationList;
			buildConfigurations = (
				7613062D1A51D4790084C30B /* Debug */,
				7613062E1A51D4790084C30B /* Release */,
			);
			defaultConfigurationIsVisible = 0;
			defaultConfigurationName = Release;
		};
/* End XCConfigurationList section */
	};
	rootObject = 7613061D1A51D4790084C30B /* Project object */;
}
